# THIS IS AN AUTOGENERATED FILE. DO NOT EDIT THIS FILE DIRECTLY.
# yarn lockfile v1


"@hotwired/stimulus-webpack-helpers@^1.0.0":
  version "1.0.1"
  resolved "https://registry.yarnpkg.com/@hotwired/stimulus-webpack-helpers/-/stimulus-webpack-helpers-1.0.1.tgz#4cd74487adeca576c9865ac2b9fe5cb20cef16dd"
  integrity sha512-wa/zupVG0eWxRYJjC1IiPBdt3Lruv0RqGN+/DTMmUWUyMAEB27KXmVY6a8YpUVTM7QwVuaLNGW4EqDgrS2upXQ==

"@hotwired/stimulus@^3.1.0":
  version "3.1.0"
  resolved "https://registry.yarnpkg.com/@hotwired/stimulus/-/stimulus-3.1.0.tgz#20215251e5afe6e0a3787285181ba1bfc9097df0"
  integrity sha512-iDMHUhiEJ1xFeicyHcZQQgBzhtk5mPR0QZO3L6wtqzMsJEk2TKECuCQTGKjm+KJTHVY0dKq1dOOAWvODjpd2Mg==

stimulus@^3.1.0:
  version "3.1.0"
  resolved "https://registry.yarnpkg.com/stimulus/-/stimulus-3.1.0.tgz#225298f1936f96b0eafa883b8b304266427912c3"
  integrity sha512-ln+BtLkhemwJozr5N3I5q0kGlSv6fmcPi3JtDjBo7gnnz2tAYhK2WBhyY/EN/4+CWIwqp3qPm3Pc+i9CjIXrtg==
  dependencies:
    "@hotwired/stimulus" "^3.1.0"
    "@hotwired/stimulus-webpack-helpers" "^1.0.0"
